
Microsoft Visual Studio Solution File, Format Version 12.00
# Visual Studio 15
VisualStudioVersion = 15.0.27703.2035
MinimumVisualStudioVersion = 10.0.40219.1
Project("{FAE04EC0-301F-11D3-BF4B-00C04F79EFBC}") = "VAMS", "VAMS\VAMS.csproj", "{B7F046F9-DEC3-47A5-99DE-E1D00B5C7CE8}"
EndProject
Project("{FAE04EC0-301F-11D3-BF4B-00C04F79EFBC}") = "VAMSBL", "VAMSBL\VAMSBL.csproj", "{2C9FC67E-866E-4914-AB01-7D7B12907653}"
EndProject
Project("{FAE04EC0-301F-11D3-BF4B-00C04F79EFBC}") = "VAMSDL", "VAMSDL\VAMSDL.csproj", "{D562E726-F163-4712-8B87-180AF7906C16}"
EndProject
Project("{FAE04EC0-301F-11D3-BF4B-00C04F79EFBC}") = "VAMSPL", "VAMSPL\VAMSPL.csproj", "{FD4D20ED-68BE-48B9-858B-42B9CDBDA32A}"
EndProject
Global
	GlobalSection(SolutionConfigurationPlatforms) = preSolution
		Debug|Any CPU = Debug|Any CPU
		Release|Any CPU = Release|Any CPU
	EndGlobalSection
	GlobalSection(ProjectConfigurationPlatforms) = postSolution
		{B7F046F9-DEC3-47A5-99DE-E1D00B5C7CE8}.Debug|Any CPU.ActiveCfg = Debug|Any CPU
		{B7F046F9-DEC3-47A5-99DE-E1D00B5C7CE8}.Debug|Any CPU.Build.0 = Debug|Any CPU
		{B7F046F9-DEC3-47A5-99DE-E1D00B5C7CE8}.Release|Any CPU.ActiveCfg = Release|Any CPU
		{B7F046F9-DEC3-47A5-99DE-E1D00B5C7CE8}.Release|Any CPU.Build.0 = Release|Any CPU
		{2C9FC67E-866E-4914-AB01-7D7B12907653}.Debug|Any CPU.ActiveCfg = Debug|Any CPU
		{2C9FC67E-866E-4914-AB01-7D7B12907653}.Debug|Any CPU.Build.0 = Debug|Any CPU
		{2C9FC67E-866E-4914-AB01-7D7B12907653}.Release|Any CPU.ActiveCfg = Release|Any CPU
		{2C9FC67E-866E-4914-AB01-7D7B12907653}.Release|Any CPU.Build.0 = Release|Any CPU
		{D562E726-F163-4712-8B87-180AF7906C16}.Debug|Any CPU.ActiveCfg = Debug|Any CPU
		{D562E726-F163-4712-8B87-180AF7906C16}.Debug|Any CPU.Build.0 = Debug|Any CPU
		{D562E726-F163-4712-8B87-180AF7906C16}.Release|Any CPU.ActiveCfg = Release|Any CPU
		{D562E726-F163-4712-8B87-180AF7906C16}.Release|Any CPU.Build.0 = Release|Any CPU
		{FD4D20ED-68BE-48B9-858B-42B9CDBDA32A}.Debug|Any CPU.ActiveCfg = Debug|Any CPU
		{FD4D20ED-68BE-48B9-858B-42B9CDBDA32A}.Debug|Any CPU.Build.0 = Debug|Any CPU
		{FD4D20ED-68BE-48B9-858B-42B9CDBDA32A}.Release|Any CPU.ActiveCfg = Release|Any CPU
		{FD4D20ED-68BE-48B9-858B-42B9CDBDA32A}.Release|Any CPU.Build.0 = Release|Any CPU
	EndGlobalSection
	GlobalSection(SolutionProperties) = preSolution
		HideSolutionNode = FALSE
	EndGlobalSection
	GlobalSection(ExtensibilityGlobals) = postSolution
		SolutionGuid = {424849C3-0803-4208-BA31-FA712E95BF7C}
		EnterpriseLibraryConfigurationToolBinariesPath = packages\Unity.2.1.505.0\lib\NET35;packages\Unity.Interception.2.1.505.0\lib\NET35;packages\EnterpriseLibrary.Common.5.0.505.0\lib\NET35;packages\EnterpriseLibrary.Data.5.0.505.0\lib\NET35
	EndGlobalSection
EndGlobal
